
Microsoft Visual Studio Solution File, Format Version 12.00
# Visual Studio Version 16
VisualStudioVersion = 16.0.30503.244
MinimumVisualStudioVersion = 10.0.40219.1
Project("{FAE04EC0-301F-11D3-BF4B-00C04F79EFBC}") = "Patterns", "Patterns\Patterns.csproj", "{2FA96F58-CD2D-4173-AE29-8E91D31522D8}"
EndProject
Project("{FAE04EC0-301F-11D3-BF4B-00C04F79EFBC}") = "Abstract Factory", "Abstract Factory\Abstract Factory.csproj", "{C24345D6-580C-442E-B0BE-23FDE9666226}"
EndProject
Global
	GlobalSection(SolutionConfigurationPlatforms) = preSolution
		Debug|Any CPU = Debug|Any CPU
		Release|Any CPU = Release|Any CPU
	EndGlobalSection
	GlobalSection(ProjectConfigurationPlatforms) = postSolution
		{2FA96F58-CD2D-4173-AE29-8E91D31522D8}.Debug|Any CPU.ActiveCfg = Debug|Any CPU
		{2FA96F58-CD2D-4173-AE29-8E91D31522D8}.Debug|Any CPU.Build.0 = Debug|Any CPU
		{2FA96F58-CD2D-4173-AE29-8E91D31522D8}.Release|Any CPU.ActiveCfg = Release|Any CPU
		{2FA96F58-CD2D-4173-AE29-8E91D31522D8}.Release|Any CPU.Build.0 = Release|Any CPU
		{C24345D6-580C-442E-B0BE-23FDE9666226}.Debug|Any CPU.ActiveCfg = Debug|Any CPU
		{C24345D6-580C-442E-B0BE-23FDE9666226}.Debug|Any CPU.Build.0 = Debug|Any CPU
		{C24345D6-580C-442E-B0BE-23FDE9666226}.Release|Any CPU.ActiveCfg = Release|Any CPU
		{C24345D6-580C-442E-B0BE-23FDE9666226}.Release|Any CPU.Build.0 = Release|Any CPU
	EndGlobalSection
	GlobalSection(SolutionProperties) = preSolution
		HideSolutionNode = FALSE
	EndGlobalSection
	GlobalSection(ExtensibilityGlobals) = postSolution
		SolutionGuid = {1F448D24-6498-4357-9B93-9ACFCEBCD8DC}
	EndGlobalSection
EndGlobal
